
Microsoft Visual Studio Solution File, Format Version 12.00
# Visual Studio 15
VisualStudioVersion = 15.0.27130.2036
MinimumVisualStudioVersion = 10.0.40219.1
Project("{FAE04EC0-301F-11D3-BF4B-00C04F79EFBC}") = "Vaja1Kaca", "Vaja1Kaca\Vaja1Kaca.csproj", "{D7898EDF-CE1E-4E5E-B1AA-70503BAC1CFA}"
EndProject
Global
	GlobalSection(SolutionConfigurationPlatforms) = preSolution
		Debug|Any CPU = Debug|Any CPU
		Release|Any CPU = Release|Any CPU
	EndGlobalSection
	GlobalSection(ProjectConfigurationPlatforms) = postSolution
		{D7898EDF-CE1E-4E5E-B1AA-70503BAC1CFA}.Debug|Any CPU.ActiveCfg = Debug|Any CPU
		{D7898EDF-CE1E-4E5E-B1AA-70503BAC1CFA}.Debug|Any CPU.Build.0 = Debug|Any CPU
		{D7898EDF-CE1E-4E5E-B1AA-70503BAC1CFA}.Release|Any CPU.ActiveCfg = Release|Any CPU
		{D7898EDF-CE1E-4E5E-B1AA-70503BAC1CFA}.Release|Any CPU.Build.0 = Release|Any CPU
	EndGlobalSection
	GlobalSection(SolutionProperties) = preSolution
		HideSolutionNode = FALSE
	EndGlobalSection
	GlobalSection(ExtensibilityGlobals) = postSolution
		SolutionGuid = {CADD62AD-9762-4768-B714-DB1D880EAA54}
	EndGlobalSection
EndGlobal
